
Microsoft Visual Studio Solution File, Format Version 12.00
# Visual Studio Version 17
VisualStudioVersion = 17.7.34031.279
MinimumVisualStudioVersion = 10.0.40219.1
Project("{FAE04EC0-301F-11D3-BF4B-00C04F79EFBC}") = "cosc 4353 project", "cosc 4353 project\cosc 4353 project.csproj", "{BB3140C7-585B-4959-B38B-73D2AE105F62}"
EndProject
Global
	GlobalSection(SolutionConfigurationPlatforms) = preSolution
		Debug|Any CPU = Debug|Any CPU
		Release|Any CPU = Release|Any CPU
	EndGlobalSection
	GlobalSection(ProjectConfigurationPlatforms) = postSolution
		{BB3140C7-585B-4959-B38B-73D2AE105F62}.Debug|Any CPU.ActiveCfg = Debug|Any CPU
		{BB3140C7-585B-4959-B38B-73D2AE105F62}.Debug|Any CPU.Build.0 = Debug|Any CPU
		{BB3140C7-585B-4959-B38B-73D2AE105F62}.Release|Any CPU.ActiveCfg = Release|Any CPU
		{BB3140C7-585B-4959-B38B-73D2AE105F62}.Release|Any CPU.Build.0 = Release|Any CPU
	EndGlobalSection
	GlobalSection(SolutionProperties) = preSolution
		HideSolutionNode = FALSE
	EndGlobalSection
	GlobalSection(ExtensibilityGlobals) = postSolution
		SolutionGuid = {F82262A3-9D34-4743-921D-F626AC412011}
	EndGlobalSection
EndGlobal
